<?xml version="1.0" encoding="utf-8"?>
<Project ToolsVersion="4.0" xmlns="http://schemas.microsoft.com/developer/msbuild/2003">
  <ItemGroup>
    <Filter Include="Source Files">
      <UniqueIdentifier>{88a26785-b9cc-4071-a763-6d16ad4323c0}</UniqueIdentifier>
      <Extensions>cpp;c;cxx;rc;def;r;odl;idl;hpj;bat</Extensions>
    </Filter>
    <Filter Include="Header Files">
      <UniqueIdentifier>{2983ccf0-01c1-42d2-a1d9-21b6227e6761}</UniqueIdentifier>
      <Extensions>h;hpp;hxx;hm;inl</Extensions>
    </Filter>
    <Filter Include="Resource Files">
      <UniqueIdentifier>{54afe7a8-dcda-473c-a5d7-41948fe794bd}</UniqueIdentifier>
      <Extensions>ico;cur;bmp;dlg;rc2;rct;bin;rgs;gif;jpg;jpeg;jpe</Extensions>
    </Filter>
    <Filter Include="DvLib">
      <UniqueIdentifier>{da02c698-2a00-483e-9b50-995b42a17e63}</UniqueIdentifier>
    </Filter>
  </ItemGroup>
  <ItemGroup>
    <ClCompile Include="DataManager.cpp">
      <Filter>Source Files</Filter>
    </ClCompile>
    <ClCompile Include="DataTransDlg.cpp">
      <Filter>Source Files</Filter>
    </ClCompile>
    <ClCompile Include="DrawCtrl.cpp">
      <Filter>Source Files</Filter>
    </ClCompile>
    <ClCompile Include="DrawRes.cpp">
      <Filter>Source Files</Filter>
    </ClCompile>
    <ClCompile Include="DrawResSetupDlg.cpp">
      <Filter>Source Files</Filter>
    </ClCompile>
    <ClCompile Include="FileDownLoadDlg.cpp">
      <Filter>Source Files</Filter>
    </ClCompile>
    <ClCompile Include="Global.cpp">
      <Filter>Source Files</Filter>
    </ClCompile>
    <ClCompile Include="HyperLinkCtrl.cpp">
      <Filter>Source Files</Filter>
    </ClCompile>
    <ClCompile Include="MainFrm.cpp">
      <Filter>Source Files</Filter>
    </ClCompile>
    <ClCompile Include="MyAboutCtrl.cpp">
      <Filter>Source Files</Filter>
    </ClCompile>
    <ClCompile Include="MyAnalyseView.cpp">
      <Filter>Source Files</Filter>
    </ClCompile>
    <ClCompile Include="MyLT.cpp">
      <Filter>Source Files</Filter>
    </ClCompile>
    <ClCompile Include="MyLTDoc.cpp">
      <Filter>Source Files</Filter>
    </ClCompile>
    <ClCompile Include="MyLTView.cpp">
      <Filter>Source Files</Filter>
    </ClCompile>
    <ClCompile Include="MyStatView.cpp">
      <Filter>Source Files</Filter>
    </ClCompile>
    <ClCompile Include="NewFileDlg.cpp">
      <Filter>Source Files</Filter>
    </ClCompile>
    <ClCompile Include="NOFilterCtrl.cpp">
      <Filter>Source Files</Filter>
    </ClCompile>
    <ClCompile Include="OpenFileDlg.cpp">
      <Filter>Source Files</Filter>
    </ClCompile>
    <ClCompile Include="ReginsterDlg.cpp">
      <Filter>Source Files</Filter>
    </ClCompile>
    <ClCompile Include="RgnTmplManageDlg.cpp">
      <Filter>Source Files</Filter>
    </ClCompile>
    <ClCompile Include="SameRgnTmplEdit.cpp">
      <Filter>Source Files</Filter>
    </ClCompile>
    <ClCompile Include="SelPeriodDlg.cpp">
      <Filter>Source Files</Filter>
    </ClCompile>
    <ClCompile Include="StatHelper.cpp">
      <Filter>Source Files</Filter>
    </ClCompile>
    <ClCompile Include="StdAfx.cpp">
      <Filter>Source Files</Filter>
    </ClCompile>
    <ClCompile Include="SysInfoDlg.cpp">
      <Filter>Source Files</Filter>
    </ClCompile>
    <ClCompile Include="XmlHistData.cpp">
      <Filter>Source Files</Filter>
    </ClCompile>
    <ClCompile Include="DvLib\DvChart.cpp">
      <Filter>DvLib</Filter>
    </ClCompile>
    <ClCompile Include="DvLib\DvDir.cpp">
      <Filter>DvLib</Filter>
    </ClCompile>
    <ClCompile Include="DvLib\DvMemDC.cpp">
      <Filter>DvLib</Filter>
    </ClCompile>
    <ClCompile Include="DvLib\DvNet.cpp">
      <Filter>DvLib</Filter>
    </ClCompile>
    <ClCompile Include="DvLib\DvXML.cpp">
      <Filter>DvLib</Filter>
    </ClCompile>
  </ItemGroup>
  <ItemGroup>
    <ResourceCompile Include="MyLT.rc">
      <Filter>Source Files</Filter>
    </ResourceCompile>
  </ItemGroup>
  <ItemGroup>
    <ClInclude Include="DataManager.h">
      <Filter>Header Files</Filter>
    </ClInclude>
    <ClInclude Include="DataTransDlg.h">
      <Filter>Header Files</Filter>
    </ClInclude>
    <ClInclude Include="DrawCtrl.h">
      <Filter>Header Files</Filter>
    </ClInclude>
    <ClInclude Include="DrawRes.h">
      <Filter>Header Files</Filter>
    </ClInclude>
    <ClInclude Include="DrawResSetupDlg.h">
      <Filter>Header Files</Filter>
    </ClInclude>
    <ClInclude Include="..\DvLib\src\DvInc.h">
      <Filter>Header Files</Filter>
    </ClInclude>
    <ClInclude Include="FileDownLoadDlg.h">
      <Filter>Header Files</Filter>
    </ClInclude>
    <ClInclude Include="Global.h">
      <Filter>Header Files</Filter>
    </ClInclude>
    <ClInclude Include="HyperLinkCtrl.h">
      <Filter>Header Files</Filter>
    </ClInclude>
    <ClInclude Include="LTDef.h">
      <Filter>Header Files</Filter>
    </ClInclude>
    <ClInclude Include="MainFrm.h">
      <Filter>Header Files</Filter>
    </ClInclude>
    <ClInclude Include="MyAboutCtrl.h">
      <Filter>Header Files</Filter>
    </ClInclude>
    <ClInclude Include="MyAnalyseView.h">
      <Filter>Header Files</Filter>
    </ClInclude>
    <ClInclude Include="MyLT.h">
      <Filter>Header Files</Filter>
    </ClInclude>
    <ClInclude Include="MyLTDoc.h">
      <Filter>Header Files</Filter>
    </ClInclude>
    <ClInclude Include="MyLTView.h">
      <Filter>Header Files</Filter>
    </ClInclude>
    <ClInclude Include="MyStatView.h">
      <Filter>Header Files</Filter>
    </ClInclude>
    <ClInclude Include="NewFileDlg.h">
      <Filter>Header Files</Filter>
    </ClInclude>
    <ClInclude Include="NOFilterCtrl.h">
      <Filter>Header Files</Filter>
    </ClInclude>
    <ClInclude Include="OpenFileDlg.h">
      <Filter>Header Files</Filter>
    </ClInclude>
    <ClInclude Include="ReginsterDlg.h">
      <Filter>Header Files</Filter>
    </ClInclude>
    <ClInclude Include="Resource.h">
      <Filter>Header Files</Filter>
    </ClInclude>
    <ClInclude Include="RgnTmplManageDlg.h">
      <Filter>Header Files</Filter>
    </ClInclude>
    <ClInclude Include="SameRgnTmplEdit.h">
      <Filter>Header Files</Filter>
    </ClInclude>
    <ClInclude Include="SelPeriodDlg.h">
      <Filter>Header Files</Filter>
    </ClInclude>
    <ClInclude Include="StatHelper.h">
      <Filter>Header Files</Filter>
    </ClInclude>
    <ClInclude Include="StdAfx.h">
      <Filter>Header Files</Filter>
    </ClInclude>
    <ClInclude Include="SysInfoDlg.h">
      <Filter>Header Files</Filter>
    </ClInclude>
    <ClInclude Include="XMLHistData.h">
      <Filter>Header Files</Filter>
    </ClInclude>
    <ClInclude Include="DvLib\DvChart.h">
      <Filter>DvLib</Filter>
    </ClInclude>
    <ClInclude Include="DvLib\DvDef.h">
      <Filter>DvLib</Filter>
    </ClInclude>
    <ClInclude Include="DvLib\DvDir.h">
      <Filter>DvLib</Filter>
    </ClInclude>
    <ClInclude Include="DvLib\DvInc.h">
      <Filter>DvLib</Filter>
    </ClInclude>
    <ClInclude Include="DvLib\DvMemDC.h">
      <Filter>DvLib</Filter>
    </ClInclude>
    <ClInclude Include="DvLib\DvNet.h">
      <Filter>DvLib</Filter>
    </ClInclude>
    <ClInclude Include="DvLib\DvXML.h">
      <Filter>DvLib</Filter>
    </ClInclude>
  </ItemGroup>
  <ItemGroup>
    <None Include="res\101.bmp">
      <Filter>Resource Files</Filter>
    </None>
    <None Include="res\52.ico">
      <Filter>Resource Files</Filter>
    </None>
    <None Include="res\analyse.bmp">
      <Filter>Resource Files</Filter>
    </None>
    <None Include="res\bitmap1.bmp">
      <Filter>Resource Files</Filter>
    </None>
    <None Include="res\bitmap10.bmp">
      <Filter>Resource Files</Filter>
    </None>
    <None Include="res\bitmap11.bmp">
      <Filter>Resource Files</Filter>
    </None>
    <None Include="res\bitmap12.bmp">
      <Filter>Resource Files</Filter>
    </None>
    <None Include="res\bitmap13.bmp">
      <Filter>Resource Files</Filter>
    </None>
    <None Include="res\bitmap14.bmp">
      <Filter>Resource Files</Filter>
    </None>
    <None Include="res\bitmap15.bmp">
      <Filter>Resource Files</Filter>
    </None>
    <None Include="res\bitmap16.bmp">
      <Filter>Resource Files</Filter>
    </None>
    <None Include="res\bitmap17.bmp">
      <Filter>Resource Files</Filter>
    </None>
    <None Include="res\bitmap18.bmp">
      <Filter>Resource Files</Filter>
    </None>
    <None Include="res\bitmap19.bmp">
      <Filter>Resource Files</Filter>
    </None>
    <None Include="res\bitmap2.bmp">
      <Filter>Resource Files</Filter>
    </None>
    <None Include="res\bitmap20.bmp">
      <Filter>Resource Files</Filter>
    </None>
    <None Include="res\bitmap21.bmp">
      <Filter>Resource Files</Filter>
    </None>
    <None Include="res\bmp_anal.bmp">
      <Filter>Resource Files</Filter>
    </None>
    <None Include="res\down.bmp">
      <Filter>Resource Files</Filter>
    </None>
    <None Include="res\filter.bmp">
      <Filter>Resource Files</Filter>
    </None>
    <None Include="res\help.bmp">
      <Filter>Resource Files</Filter>
    </None>
    <None Include="res\icon1.ico">
      <Filter>Resource Files</Filter>
    </None>
    <None Include="res\main.bmp">
      <Filter>Resource Files</Filter>
    </None>
    <None Include="res\MyLT.ico">
      <Filter>Resource Files</Filter>
    </None>
    <None Include="res\MyLT.rc2">
      <Filter>Resource Files</Filter>
    </None>
    <None Include="res\MyLTDoc.ico">
      <Filter>Resource Files</Filter>
    </None>
    <None Include="res\new.bmp">
      <Filter>Resource Files</Filter>
    </None>
    <None Include="res\open.bmp">
      <Filter>Resource Files</Filter>
    </None>
    <None Include="res\open.ico">
      <Filter>Resource Files</Filter>
    </None>
    <None Include="res\options.bmp">
      <Filter>Resource Files</Filter>
    </None>
    <None Include="res\options.ico">
      <Filter>Resource Files</Filter>
    </None>
    <None Include="res\save.bmp">
      <Filter>Resource Files</Filter>
    </None>
    <None Include="res\save.ico">
      <Filter>Resource Files</Filter>
    </None>
    <None Include="res\stat.bmp">
      <Filter>Resource Files</Filter>
    </None>
    <None Include="res\Toolbar.bmp">
      <Filter>Resource Files</Filter>
    </None>
    <None Include="res\trans.bmp">
      <Filter>Resource Files</Filter>
    </None>
    <None Include="res\Download.avi" />
    <None Include="ReadMe.txt" />
  </ItemGroup>
</Project>